{
  "name": "@edenjs/locale",
  "version": "1.0.1",
  "lockfileVersion": 1,
  "requires": true,
  "dependencies": {
    "argparse": {
      "version": "1.0.10",
      "resolved": "https://registry.npmjs.org/argparse/-/argparse-1.0.10.tgz",
      "integrity": "sha512-o5Roy6tNG4SL/FOkCAN6RzjiakZS25RLYFrcMttJqbdd8BWrnA+fGz57iN5Pb06pvBGvl5gQ0B48dJlslXvoTg==",
      "requires": {
        "sprintf-js": "~1.0.2"
      }
    },
    "cookies": {
      "version": "0.7.1",
      "resolved": "https://registry.npmjs.org/cookies/-/cookies-0.7.1.tgz",
      "integrity": "sha1-fIphX1SBxhq58WyDNzG8uPZjuZs=",
      "requires": {
        "depd": "~1.1.1",
        "keygrip": "~1.0.2"
      }
    },
    "depd": {
      "version": "1.1.2",
      "resolved": "https://registry.npmjs.org/depd/-/depd-1.1.2.tgz",
      "integrity": "sha1-m81S4UwJd2PnSbJ0xDRu0uVgtak="
    },
    "esprima": {
      "version": "4.0.1",
      "resolved": "https://registry.npmjs.org/esprima/-/esprima-4.0.1.tgz",
      "integrity": "sha512-eGuFFw7Upda+g4p+QHvnW0RyTX/SVeJBDM/gCtMARO0cLuT2HcEKnTPvhjV6aGeqrCB/sbNop0Kszm0jsaWU4A=="
    },
    "extendify": {
      "version": "1.0.0",
      "resolved": "https://registry.npmjs.org/extendify/-/extendify-1.0.0.tgz",
      "integrity": "sha1-md3P961Fxxb1xjrDu8tNn/BAHmE=",
      "requires": {
        "lodash": "^2.4.1"
      }
    },
    "i18next": {
      "version": "12.0.0",
      "resolved": "https://registry.npmjs.org/i18next/-/i18next-12.0.0.tgz",
      "integrity": "sha512-Zy/nFpmBZxgmi6k9HkHbf+MwvAwiY5BDzNjNfvyLPKyalc2YBwwZtblESDlTKLDO8XSv23qYRY2uZcADDlRSjQ=="
    },
    "i18next-browser-languagedetector": {
      "version": "2.2.3",
      "resolved": "https://registry.npmjs.org/i18next-browser-languagedetector/-/i18next-browser-languagedetector-2.2.3.tgz",
      "integrity": "sha512-sJZ2n9Vgax0vGer23hJMwyO3FRO7P0dq2DXZPXWE329g3snfJUcw+S24Mp3lqJaxL/0McDu4BD75ds6pzIfhhw=="
    },
    "i18next-chained-backend": {
      "version": "0.1.2",
      "resolved": "https://registry.npmjs.org/i18next-chained-backend/-/i18next-chained-backend-0.1.2.tgz",
      "integrity": "sha512-UdX1ZpFFchK3hvF9/BBh8+MlaLhTeg7rYeWs6yJjDGA2DyL91pWHf+adfyccP1IvFuVNti9f/Z+ABlDI4dnnXg=="
    },
    "i18next-express-middleware": {
      "version": "1.4.1",
      "resolved": "https://registry.npmjs.org/i18next-express-middleware/-/i18next-express-middleware-1.4.1.tgz",
      "integrity": "sha512-mRCPdhjeoBjJ5jI3CQ6NnIJ4kfaMGLyhkaNthQ3xHJa0lsGXy7BJHwgVP5JJwhyTOOVk+7IF5M3yVZZ1+XKhgw==",
      "requires": {
        "cookies": "0.7.1"
      }
    },
    "i18next-localstorage-backend": {
      "version": "1.1.4",
      "resolved": "https://registry.npmjs.org/i18next-localstorage-backend/-/i18next-localstorage-backend-1.1.4.tgz",
      "integrity": "sha512-FehGJ57ue6OPQp3cPT8z1h5Naw+dHUnXZPCN9O/dSCKcjaOQmiUrimDbCEiRrGKAzImFoy10Uj5IaatqtdRl1A=="
    },
    "i18next-node-fs-backend": {
      "version": "2.1.0",
      "resolved": "https://registry.npmjs.org/i18next-node-fs-backend/-/i18next-node-fs-backend-2.1.0.tgz",
      "integrity": "sha512-ULb+uQYQj1njn/93cxkAtgrw9STCv1zEM8QySH24c0pFxw8ZJPCV9yq4zTqEWtKaNRd8apvzyr2euoV1k05SbA==",
      "requires": {
        "js-yaml": "3.12.0",
        "json5": "2.0.0"
      }
    },
    "i18next-xhr-backend": {
      "version": "1.5.1",
      "resolved": "https://registry.npmjs.org/i18next-xhr-backend/-/i18next-xhr-backend-1.5.1.tgz",
      "integrity": "sha512-9OLdC/9YxDvTFcgsH5t2BHCODHEotHCa6h7Ly0EUlUC7Y2GS09UeoHOGj3gWKQ3HCqXz8NlH4gOrK3NNc9vPuw=="
    },
    "js-yaml": {
      "version": "3.12.0",
      "resolved": "https://registry.npmjs.org/js-yaml/-/js-yaml-3.12.0.tgz",
      "integrity": "sha512-PIt2cnwmPfL4hKNwqeiuz4bKfnzHTBv6HyVgjahA6mPLwPDzjDWrplJBMjHUFxku/N3FlmrbyPclad+I+4mJ3A==",
      "requires": {
        "argparse": "^1.0.7",
        "esprima": "^4.0.0"
      }
    },
    "json5": {
      "version": "2.0.0",
      "resolved": "https://registry.npmjs.org/json5/-/json5-2.0.0.tgz",
      "integrity": "sha512-0EdQvHuLm7yJ7lyG5dp7Q3X2ku++BG5ZHaJ5FTnaXpKqDrw4pMxel5Bt3oAYMthnrthFBdnZ1FcsXTPyrQlV0w==",
      "requires": {
        "minimist": "^1.2.0"
      }
    },
    "keygrip": {
      "version": "1.0.3",
      "resolved": "https://registry.npmjs.org/keygrip/-/keygrip-1.0.3.tgz",
      "integrity": "sha512-/PpesirAIfaklxUzp4Yb7xBper9MwP6hNRA6BGGUFCgbJ+BM5CKBtsoxinNXkLHAr+GXS1/lSlF2rP7cv5Fl+g=="
    },
    "lodash": {
      "version": "2.4.2",
      "resolved": "http://registry.npmjs.org/lodash/-/lodash-2.4.2.tgz",
      "integrity": "sha1-+t2DS5aDBz2hebPq5tnA0VBT9z4="
    },
    "minimist": {
      "version": "1.2.0",
      "resolved": "http://registry.npmjs.org/minimist/-/minimist-1.2.0.tgz",
      "integrity": "sha1-o1AIsg9BOD7sH7kU9M1d95omQoQ="
    },
    "sprintf-js": {
      "version": "1.0.3",
      "resolved": "https://registry.npmjs.org/sprintf-js/-/sprintf-js-1.0.3.tgz",
      "integrity": "sha1-BOaSb2YolTVPPdAVIDYzuFcpfiw="
    }
  }
}
